{
  "name": "p7d-markdown-it-figure-with-p-caption",
  "version": "0.1.1",
  "lockfileVersion": 2,
  "requires": true,
  "packages": {
    "": {
      "name": "p7d-markdown-it-figure-with-p-caption",
      "version": "0.1.1",
      "dependencies": {
        "@peaceroad/markdown-it-figure-with-p-caption": "^0.2.0",
        "@peaceroad/markdown-it-renderer-image": "^0.1.3"
      },
      "engines": {
        "vscode": "^1.57.0"
      }
    },
    "node_modules/@peaceroad/markdown-it-figure-with-p-caption": {
      "version": "0.2.0",
      "resolved": "https://registry.npmjs.org/@peaceroad/markdown-it-figure-with-p-caption/-/markdown-it-figure-with-p-caption-0.2.0.tgz",
      "integrity": "sha512-k6KRbm2EdmGCB/oAKB61dM1PzS778P30y7XfkZ9v1vtawrPGl+D1qP+cBtucYHpYnjfkD4viCyUN4FFa4qIuLg==",
      "dependencies": {
        "p7d-markdown-it-p-captions": "^0.4.6"
      }
    },
    "node_modules/@peaceroad/markdown-it-renderer-image": {
      "version": "0.1.3",
      "resolved": "https://registry.npmjs.org/@peaceroad/markdown-it-renderer-image/-/markdown-it-renderer-image-0.1.3.tgz",
      "integrity": "sha512-R9SEGN7nAoPV1lVFGfhwX9pcBfP76Lo/tu0vLWQG3b7M7PzYdt0Gj+KG5JPX2QeEaQkxmMCDTOJJqCrefagLhA==",
      "dependencies": {
        "image-size": "^1.0.0"
      }
    },
    "node_modules/image-size": {
      "version": "1.0.0",
      "resolved": "https://registry.npmjs.org/image-size/-/image-size-1.0.0.tgz",
      "integrity": "sha512-JLJ6OwBfO1KcA+TvJT+v8gbE6iWbj24LyDNFgFEN0lzegn6cC6a/p3NIDaepMsJjQjlUWqIC7wJv8lBFxPNjcw==",
      "dependencies": {
        "queue": "6.0.2"
      },
      "bin": {
        "image-size": "bin/image-size.js"
      },
      "engines": {
        "node": ">=12.0.0"
      }
    },
    "node_modules/inherits": {
      "version": "2.0.4",
      "resolved": "https://registry.npmjs.org/inherits/-/inherits-2.0.4.tgz",
      "integrity": "sha512-k/vGaX4/Yla3WzyMCvTQOXYeIHvqOKtnqBduzTHpzpQZzAskKMhZ2K+EnBiSM9zGSoIFeMpXKxa4dYeZIQqewQ=="
    },
    "node_modules/p7d-markdown-it-p-captions": {
      "version": "0.4.6",
      "resolved": "https://registry.npmjs.org/p7d-markdown-it-p-captions/-/p7d-markdown-it-p-captions-0.4.6.tgz",
      "integrity": "sha512-kLW6Js/HiEp6AKyqgX9swMxzuu6mkeaNijO8o2on2pdsSC/9s3fdrFxXl1R8Jt7ds5f6C2qC5QJS2ZfSPaZcBg=="
    },
    "node_modules/queue": {
      "version": "6.0.2",
      "resolved": "https://registry.npmjs.org/queue/-/queue-6.0.2.tgz",
      "integrity": "sha512-iHZWu+q3IdFZFX36ro/lKBkSvfkztY5Y7HMiPlOUjhupPcG2JMfst2KKEpu5XndviX/3UhFbRngUPNKtgvtZiA==",
      "dependencies": {
        "inherits": "~2.0.3"
      }
    }
  },
  "dependencies": {
    "@peaceroad/markdown-it-figure-with-p-caption": {
      "version": "0.2.0",
      "resolved": "https://registry.npmjs.org/@peaceroad/markdown-it-figure-with-p-caption/-/markdown-it-figure-with-p-caption-0.2.0.tgz",
      "integrity": "sha512-k6KRbm2EdmGCB/oAKB61dM1PzS778P30y7XfkZ9v1vtawrPGl+D1qP+cBtucYHpYnjfkD4viCyUN4FFa4qIuLg==",
      "requires": {
        "p7d-markdown-it-p-captions": "^0.4.6"
      }
    },
    "@peaceroad/markdown-it-renderer-image": {
      "version": "0.1.3",
      "resolved": "https://registry.npmjs.org/@peaceroad/markdown-it-renderer-image/-/markdown-it-renderer-image-0.1.3.tgz",
      "integrity": "sha512-R9SEGN7nAoPV1lVFGfhwX9pcBfP76Lo/tu0vLWQG3b7M7PzYdt0Gj+KG5JPX2QeEaQkxmMCDTOJJqCrefagLhA==",
      "requires": {
        "image-size": "^1.0.0"
      }
    },
    "image-size": {
      "version": "1.0.0",
      "resolved": "https://registry.npmjs.org/image-size/-/image-size-1.0.0.tgz",
      "integrity": "sha512-JLJ6OwBfO1KcA+TvJT+v8gbE6iWbj24LyDNFgFEN0lzegn6cC6a/p3NIDaepMsJjQjlUWqIC7wJv8lBFxPNjcw==",
      "requires": {
        "queue": "6.0.2"
      }
    },
    "inherits": {
      "version": "2.0.4",
      "resolved": "https://registry.npmjs.org/inherits/-/inherits-2.0.4.tgz",
      "integrity": "sha512-k/vGaX4/Yla3WzyMCvTQOXYeIHvqOKtnqBduzTHpzpQZzAskKMhZ2K+EnBiSM9zGSoIFeMpXKxa4dYeZIQqewQ=="
    },
    "p7d-markdown-it-p-captions": {
      "version": "0.4.6",
      "resolved": "https://registry.npmjs.org/p7d-markdown-it-p-captions/-/p7d-markdown-it-p-captions-0.4.6.tgz",
      "integrity": "sha512-kLW6Js/HiEp6AKyqgX9swMxzuu6mkeaNijO8o2on2pdsSC/9s3fdrFxXl1R8Jt7ds5f6C2qC5QJS2ZfSPaZcBg=="
    },
    "queue": {
      "version": "6.0.2",
      "resolved": "https://registry.npmjs.org/queue/-/queue-6.0.2.tgz",
      "integrity": "sha512-iHZWu+q3IdFZFX36ro/lKBkSvfkztY5Y7HMiPlOUjhupPcG2JMfst2KKEpu5XndviX/3UhFbRngUPNKtgvtZiA==",
      "requires": {
        "inherits": "~2.0.3"
      }
    }
  }
}
