{
  "name": "p7d-markdown-it-figure-with-p-caption",
  "version": "0.2.3",
  "lockfileVersion": 2,
  "requires": true,
  "packages": {
    "": {
      "name": "p7d-markdown-it-figure-with-p-caption",
      "version": "0.2.3",
      "dependencies": {
        "@peaceroad/markdown-it-figure-with-p-caption": "^0.3.0",
        "@peaceroad/markdown-it-renderer-image": "^0.1.5"
      },
      "engines": {
        "vscode": "^1.57.0"
      }
    },
    "node_modules/@peaceroad/markdown-it-figure-with-p-caption": {
      "version": "0.3.0",
      "resolved": "https://registry.npmjs.org/@peaceroad/markdown-it-figure-with-p-caption/-/markdown-it-figure-with-p-caption-0.3.0.tgz",
      "integrity": "sha512-/0QFnWaamP6IuXQBCMzPXRYibz/O5fxxROHUEM5/YhGWPwa73v4KusaTWDFcXtP4S1aPFWZZSy191om0bT6ioQ==",
      "dependencies": {
        "p7d-markdown-it-p-captions": "^0.5.0"
      }
    },
    "node_modules/@peaceroad/markdown-it-renderer-image": {
      "version": "0.1.5",
      "resolved": "https://registry.npmjs.org/@peaceroad/markdown-it-renderer-image/-/markdown-it-renderer-image-0.1.5.tgz",
      "integrity": "sha512-UhgqwjHR8Lc0mYcY5Imzd43xPesAb3Q82hfBuRY6faS3QxCEKDvi9Mwroa4qOPS+VfFaZLhGUe6M+nlkzxOauA==",
      "dependencies": {
        "image-size": "^1.0.0"
      }
    },
    "node_modules/image-size": {
      "version": "1.0.0",
      "resolved": "https://registry.npmjs.org/image-size/-/image-size-1.0.0.tgz",
      "integrity": "sha512-JLJ6OwBfO1KcA+TvJT+v8gbE6iWbj24LyDNFgFEN0lzegn6cC6a/p3NIDaepMsJjQjlUWqIC7wJv8lBFxPNjcw==",
      "dependencies": {
        "queue": "6.0.2"
      },
      "bin": {
        "image-size": "bin/image-size.js"
      },
      "engines": {
        "node": ">=12.0.0"
      }
    },
    "node_modules/inherits": {
      "version": "2.0.4",
      "resolved": "https://registry.npmjs.org/inherits/-/inherits-2.0.4.tgz",
      "integrity": "sha512-k/vGaX4/Yla3WzyMCvTQOXYeIHvqOKtnqBduzTHpzpQZzAskKMhZ2K+EnBiSM9zGSoIFeMpXKxa4dYeZIQqewQ=="
    },
    "node_modules/p7d-markdown-it-p-captions": {
      "version": "0.5.0",
      "resolved": "https://registry.npmjs.org/p7d-markdown-it-p-captions/-/p7d-markdown-it-p-captions-0.5.0.tgz",
      "integrity": "sha512-9gPo/0najdYwlZeUCpIE4zuH9EEPmSLofihpch9B8+oQSDpGAU0Et4R/0LEebCwkWatALwJ8fDb4Lc5wPeWO9w=="
    },
    "node_modules/queue": {
      "version": "6.0.2",
      "resolved": "https://registry.npmjs.org/queue/-/queue-6.0.2.tgz",
      "integrity": "sha512-iHZWu+q3IdFZFX36ro/lKBkSvfkztY5Y7HMiPlOUjhupPcG2JMfst2KKEpu5XndviX/3UhFbRngUPNKtgvtZiA==",
      "dependencies": {
        "inherits": "~2.0.3"
      }
    }
  },
  "dependencies": {
    "@peaceroad/markdown-it-figure-with-p-caption": {
      "version": "0.3.0",
      "resolved": "https://registry.npmjs.org/@peaceroad/markdown-it-figure-with-p-caption/-/markdown-it-figure-with-p-caption-0.3.0.tgz",
      "integrity": "sha512-/0QFnWaamP6IuXQBCMzPXRYibz/O5fxxROHUEM5/YhGWPwa73v4KusaTWDFcXtP4S1aPFWZZSy191om0bT6ioQ==",
      "requires": {
        "p7d-markdown-it-p-captions": "^0.5.0"
      }
    },
    "@peaceroad/markdown-it-renderer-image": {
      "version": "0.1.5",
      "resolved": "https://registry.npmjs.org/@peaceroad/markdown-it-renderer-image/-/markdown-it-renderer-image-0.1.5.tgz",
      "integrity": "sha512-UhgqwjHR8Lc0mYcY5Imzd43xPesAb3Q82hfBuRY6faS3QxCEKDvi9Mwroa4qOPS+VfFaZLhGUe6M+nlkzxOauA==",
      "requires": {
        "image-size": "^1.0.0"
      }
    },
    "image-size": {
      "version": "1.0.0",
      "resolved": "https://registry.npmjs.org/image-size/-/image-size-1.0.0.tgz",
      "integrity": "sha512-JLJ6OwBfO1KcA+TvJT+v8gbE6iWbj24LyDNFgFEN0lzegn6cC6a/p3NIDaepMsJjQjlUWqIC7wJv8lBFxPNjcw==",
      "requires": {
        "queue": "6.0.2"
      }
    },
    "inherits": {
      "version": "2.0.4",
      "resolved": "https://registry.npmjs.org/inherits/-/inherits-2.0.4.tgz",
      "integrity": "sha512-k/vGaX4/Yla3WzyMCvTQOXYeIHvqOKtnqBduzTHpzpQZzAskKMhZ2K+EnBiSM9zGSoIFeMpXKxa4dYeZIQqewQ=="
    },
    "p7d-markdown-it-p-captions": {
      "version": "0.5.0",
      "resolved": "https://registry.npmjs.org/p7d-markdown-it-p-captions/-/p7d-markdown-it-p-captions-0.5.0.tgz",
      "integrity": "sha512-9gPo/0najdYwlZeUCpIE4zuH9EEPmSLofihpch9B8+oQSDpGAU0Et4R/0LEebCwkWatALwJ8fDb4Lc5wPeWO9w=="
    },
    "queue": {
      "version": "6.0.2",
      "resolved": "https://registry.npmjs.org/queue/-/queue-6.0.2.tgz",
      "integrity": "sha512-iHZWu+q3IdFZFX36ro/lKBkSvfkztY5Y7HMiPlOUjhupPcG2JMfst2KKEpu5XndviX/3UhFbRngUPNKtgvtZiA==",
      "requires": {
        "inherits": "~2.0.3"
      }
    }
  }
}
